// !$*UTF8*$!
{
	archiveVersion = 1;
	classes = {
	};
	objectVersion = 55;
	objects = {

/* Begin PBXBuildFile section */
		7E138FC827BD1B1E00C9BDA4 /* DermoApp.swift in Sources */ = {isa = PBXBuildFile; fileRef = 7E138FC727BD1B1E00C9BDA4 /* DermoApp.swift */; };
		7E138FCA27BD1B1E00C9BDA4 /* DermoListView.swift in Sources */ = {isa = PBXBuildFile; fileRef = 7E138FC927BD1B1E00C9BDA4 /* DermoListView.swift */; };
		7E138FCC27BD1B1F00C9BDA4 /* Assets.xcassets in Resources */ = {isa = PBXBuildFile; fileRef = 7E138FCB27BD1B1F00C9BDA4 /* Assets.xcassets */; };
		7E138FCF27BD1B1F00C9BDA4 /* Preview Assets.xcassets in Resources */ = {isa = PBXBuildFile; fileRef = 7E138FCE27BD1B1F00C9BDA4 /* Preview Assets.xcassets */; };
		7E138FE327BD1B1F00C9BDA4 /* DermoUITests.swift in Sources */ = {isa = PBXBuildFile; fileRef = 7E138FE227BD1B1F00C9BDA4 /* DermoUITests.swift */; };
		7E138FE527BD1B1F00C9BDA4 /* DermoUITestsLaunchTests.swift in Sources */ = {isa = PBXBuildFile; fileRef = 7E138FE427BD1B1F00C9BDA4 /* DermoUITestsLaunchTests.swift */; };
		7E4CDECD27BE41FD0054A036 /* Kingfisher in Frameworks */ = {isa = PBXBuildFile; productRef = 7E4CDECC27BE41FD0054A036 /* Kingfisher */; };
		7E4CDED327BE4B5B0054A036 /* DermoModelTests.swift in Sources */ = {isa = PBXBuildFile; fileRef = 7E4CDED227BE4B5B0054A036 /* DermoModelTests.swift */; };
		7E4CDED427BE4B680054A036 /* FakeErrorWebService.swift in Sources */ = {isa = PBXBuildFile; fileRef = 7EB0D7AC27BD3F2400D767AE /* FakeErrorWebService.swift */; };
		7E4CDED527BE4B680054A036 /* FakeSuccessWebService.swift in Sources */ = {isa = PBXBuildFile; fileRef = 7EB0D7AE27BD3FA300D767AE /* FakeSuccessWebService.swift */; };
		7EB0D79427BD24E100D767AE /* DermoViewModel.swift in Sources */ = {isa = PBXBuildFile; fileRef = 7EB0D79327BD24E100D767AE /* DermoViewModel.swift */; };
		7EB0D79927BD280500D767AE /* DermoImageDetailView.swift in Sources */ = {isa = PBXBuildFile; fileRef = 7EB0D79827BD280500D767AE /* DermoImageDetailView.swift */; };
		7EB0D79B27BD2DD500D767AE /* DermoModel.swift in Sources */ = {isa = PBXBuildFile; fileRef = 7EB0D79A27BD2DD500D767AE /* DermoModel.swift */; };
		7EB0D79D27BD2E2500D767AE /* DermoImageList.swift in Sources */ = {isa = PBXBuildFile; fileRef = 7EB0D79C27BD2E2500D767AE /* DermoImageList.swift */; };
		7EB0D7A027BD300100D767AE /* DermoWebService.swift in Sources */ = {isa = PBXBuildFile; fileRef = 7EB0D79F27BD300100D767AE /* DermoWebService.swift */; };
		7EB0D7A727BD336900D767AE /* Constants.swift in Sources */ = {isa = PBXBuildFile; fileRef = 7EB0D7A627BD336900D767AE /* Constants.swift */; };
		7EB0D7AB27BD3EE500D767AE /* WebService.swift in Sources */ = {isa = PBXBuildFile; fileRef = 7EB0D7AA27BD3EE500D767AE /* WebService.swift */; };
		7EB0D7B127BD4CC000D767AE /* FakeServiceTests.swift in Sources */ = {isa = PBXBuildFile; fileRef = 7EB0D7B027BD4CC000D767AE /* FakeServiceTests.swift */; };
		7EB0D7B427BD51DC00D767AE /* DermoViewModelTests.swift in Sources */ = {isa = PBXBuildFile; fileRef = 7EB0D7B327BD51DC00D767AE /* DermoViewModelTests.swift */; };
/* End PBXBuildFile section */

/* Begin PBXContainerItemProxy section */
		7E138FD527BD1B1F00C9BDA4 /* PBXContainerItemProxy */ = {
			isa = PBXContainerItemProxy;
			containerPortal = 7E138FBC27BD1B1E00C9BDA4 /* Project object */;
			proxyType = 1;
			remoteGlobalIDString = 7E138FC327BD1B1E00C9BDA4;
			remoteInfo = Dermo;
		};
		7E138FDF27BD1B1F00C9BDA4 /* PBXContainerItemProxy */ = {
			isa = PBXContainerItemProxy;
			containerPortal = 7E138FBC27BD1B1E00C9BDA4 /* Project object */;
			proxyType = 1;
			remoteGlobalIDString = 7E138FC327BD1B1E00C9BDA4;
			remoteInfo = Dermo;
		};
/* End PBXContainerItemProxy section */

/* Begin PBXFileReference section */
		7E138FC427BD1B1E00C9BDA4 /* Dermo.app */ = {isa = PBXFileReference; explicitFileType = wrapper.application; includeInIndex = 0; path = Dermo.app; sourceTree = BUILT_PRODUCTS_DIR; };
		7E138FC727BD1B1E00C9BDA4 /* DermoApp.swift */ = {isa = PBXFileReference; lastKnownFileType = sourcecode.swift; path = DermoApp.swift; sourceTree = "<group>"; };
		7E138FC927BD1B1E00C9BDA4 /* DermoListView.swift */ = {isa = PBXFileReference; lastKnownFileType = sourcecode.swift; path = DermoListView.swift; sourceTree = "<group>"; };
		7E138FCB27BD1B1F00C9BDA4 /* Assets.xcassets */ = {isa = PBXFileReference; lastKnownFileType = folder.assetcatalog; path = Assets.xcassets; sourceTree = "<group>"; };
		7E138FCE27BD1B1F00C9BDA4 /* Preview Assets.xcassets */ = {isa = PBXFileReference; lastKnownFileType = folder.assetcatalog; path = "Preview Assets.xcassets"; sourceTree = "<group>"; };
		7E138FD427BD1B1F00C9BDA4 /* DermoTests.xctest */ = {isa = PBXFileReference; explicitFileType = wrapper.cfbundle; includeInIndex = 0; path = DermoTests.xctest; sourceTree = BUILT_PRODUCTS_DIR; };
		7E138FDE27BD1B1F00C9BDA4 /* DermoUITests.xctest */ = {isa = PBXFileReference; explicitFileType = wrapper.cfbundle; includeInIndex = 0; path = DermoUITests.xctest; sourceTree = BUILT_PRODUCTS_DIR; };
		7E138FE227BD1B1F00C9BDA4 /* DermoUITests.swift */ = {isa = PBXFileReference; lastKnownFileType = sourcecode.swift; path = DermoUITests.swift; sourceTree = "<group>"; };
		7E138FE427BD1B1F00C9BDA4 /* DermoUITestsLaunchTests.swift */ = {isa = PBXFileReference; lastKnownFileType = sourcecode.swift; path = DermoUITestsLaunchTests.swift; sourceTree = "<group>"; };
		7E4CDED227BE4B5B0054A036 /* DermoModelTests.swift */ = {isa = PBXFileReference; lastKnownFileType = sourcecode.swift; path = DermoModelTests.swift; sourceTree = "<group>"; };
		7EB0D79327BD24E100D767AE /* DermoViewModel.swift */ = {isa = PBXFileReference; lastKnownFileType = sourcecode.swift; path = DermoViewModel.swift; sourceTree = "<group>"; };
		7EB0D79827BD280500D767AE /* DermoImageDetailView.swift */ = {isa = PBXFileReference; lastKnownFileType = sourcecode.swift; path = DermoImageDetailView.swift; sourceTree = "<group>"; };
		7EB0D79A27BD2DD500D767AE /* DermoModel.swift */ = {isa = PBXFileReference; lastKnownFileType = sourcecode.swift; path = DermoModel.swift; sourceTree = "<group>"; };
		7EB0D79C27BD2E2500D767AE /* DermoImageList.swift */ = {isa = PBXFileReference; lastKnownFileType = sourcecode.swift; path = DermoImageList.swift; sourceTree = "<group>"; };
		7EB0D79F27BD300100D767AE /* DermoWebService.swift */ = {isa = PBXFileReference; lastKnownFileType = sourcecode.swift; path = DermoWebService.swift; sourceTree = "<group>"; };
		7EB0D7A627BD336900D767AE /* Constants.swift */ = {isa = PBXFileReference; lastKnownFileType = sourcecode.swift; path = Constants.swift; sourceTree = "<group>"; };
		7EB0D7AA27BD3EE500D767AE /* WebService.swift */ = {isa = PBXFileReference; lastKnownFileType = sourcecode.swift; path = WebService.swift; sourceTree = "<group>"; };
		7EB0D7AC27BD3F2400D767AE /* FakeErrorWebService.swift */ = {isa = PBXFileReference; lastKnownFileType = sourcecode.swift; path = FakeErrorWebService.swift; sourceTree = "<group>"; };
		7EB0D7AE27BD3FA300D767AE /* FakeSuccessWebService.swift */ = {isa = PBXFileReference; lastKnownFileType = sourcecode.swift; path = FakeSuccessWebService.swift; sourceTree = "<group>"; };
		7EB0D7B027BD4CC000D767AE /* FakeServiceTests.swift */ = {isa = PBXFileReference; lastKnownFileType = sourcecode.swift; path = FakeServiceTests.swift; sourceTree = "<group>"; };
		7EB0D7B327BD51DC00D767AE /* DermoViewModelTests.swift */ = {isa = PBXFileReference; lastKnownFileType = sourcecode.swift; path = DermoViewModelTests.swift; sourceTree = "<group>"; };
/* End PBXFileReference section */

/* Begin PBXFrameworksBuildPhase section */
		7E138FC127BD1B1E00C9BDA4 /* Frameworks */ = {
			isa = PBXFrameworksBuildPhase;
			buildActionMask = 2147483647;
			files = (
				7E4CDECD27BE41FD0054A036 /* Kingfisher in Frameworks */,
			);
			runOnlyForDeploymentPostprocessing = 0;
		};
		7E138FD127BD1B1F00C9BDA4 /* Frameworks */ = {
			isa = PBXFrameworksBuildPhase;
			buildActionMask = 2147483647;
			files = (
			);
			runOnlyForDeploymentPostprocessing = 0;
		};
		7E138FDB27BD1B1F00C9BDA4 /* Frameworks */ = {
			isa = PBXFrameworksBuildPhase;
			buildActionMask = 2147483647;
			files = (
			);
			runOnlyForDeploymentPostprocessing = 0;
		};
/* End PBXFrameworksBuildPhase section */

/* Begin PBXGroup section */
		7E138FBB27BD1B1E00C9BDA4 = {
			isa = PBXGroup;
			children = (
				7E138FC627BD1B1E00C9BDA4 /* Dermo */,
				7E138FD727BD1B1F00C9BDA4 /* DermoTests */,
				7E138FE127BD1B1F00C9BDA4 /* DermoUITests */,
				7E138FC527BD1B1E00C9BDA4 /* Products */,
			);
			sourceTree = "<group>";
		};
		7E138FC527BD1B1E00C9BDA4 /* Products */ = {
			isa = PBXGroup;
			children = (
				7E138FC427BD1B1E00C9BDA4 /* Dermo.app */,
				7E138FD427BD1B1F00C9BDA4 /* DermoTests.xctest */,
				7E138FDE27BD1B1F00C9BDA4 /* DermoUITests.xctest */,
			);
			name = Products;
			sourceTree = "<group>";
		};
		7E138FC627BD1B1E00C9BDA4 /* Dermo */ = {
			isa = PBXGroup;
			children = (
				7EB0D7A927BD3ED600D767AE /* Protocol */,
				7EB0D7A527BD335F00D767AE /* Utils */,
				7EB0D79E27BD2FED00D767AE /* Service */,
				7EB0D79227BD1C2400D767AE /* Model */,
				7EB0D79127BD1C1A00D767AE /* ViewModel */,
				7EB0D79027BD1C1600D767AE /* View */,
				7E138FC727BD1B1E00C9BDA4 /* DermoApp.swift */,
				7E138FCB27BD1B1F00C9BDA4 /* Assets.xcassets */,
				7E138FCD27BD1B1F00C9BDA4 /* Preview Content */,
			);
			path = Dermo;
			sourceTree = "<group>";
		};
		7E138FCD27BD1B1F00C9BDA4 /* Preview Content */ = {
			isa = PBXGroup;
			children = (
				7E138FCE27BD1B1F00C9BDA4 /* Preview Assets.xcassets */,
			);
			path = "Preview Content";
			sourceTree = "<group>";
		};
		7E138FD727BD1B1F00C9BDA4 /* DermoTests */ = {
			isa = PBXGroup;
			children = (
				7EB0D7B527BD574300D767AE /* Model */,
				7EB0D7B227BD51C800D767AE /* ViewModel */,
				7EB0D7A827BD3EBC00D767AE /* Service */,
			);
			path = DermoTests;
			sourceTree = "<group>";
		};
		7E138FE127BD1B1F00C9BDA4 /* DermoUITests */ = {
			isa = PBXGroup;
			children = (
				7E138FE227BD1B1F00C9BDA4 /* DermoUITests.swift */,
				7E138FE427BD1B1F00C9BDA4 /* DermoUITestsLaunchTests.swift */,
			);
			path = DermoUITests;
			sourceTree = "<group>";
		};
		7EB0D79027BD1C1600D767AE /* View */ = {
			isa = PBXGroup;
			children = (
				7E138FC927BD1B1E00C9BDA4 /* DermoListView.swift */,
				7EB0D79827BD280500D767AE /* DermoImageDetailView.swift */,
			);
			path = View;
			sourceTree = "<group>";
		};
		7EB0D79127BD1C1A00D767AE /* ViewModel */ = {
			isa = PBXGroup;
			children = (
				7EB0D79327BD24E100D767AE /* DermoViewModel.swift */,
			);
			path = ViewModel;
			sourceTree = "<group>";
		};
		7EB0D79227BD1C2400D767AE /* Model */ = {
			isa = PBXGroup;
			children = (
				7EB0D79A27BD2DD500D767AE /* DermoModel.swift */,
				7EB0D79C27BD2E2500D767AE /* DermoImageList.swift */,
			);
			path = Model;
			sourceTree = "<group>";
		};
		7EB0D79E27BD2FED00D767AE /* Service */ = {
			isa = PBXGroup;
			children = (
				7EB0D79F27BD300100D767AE /* DermoWebService.swift */,
			);
			path = Service;
			sourceTree = "<group>";
		};
		7EB0D7A527BD335F00D767AE /* Utils */ = {
			isa = PBXGroup;
			children = (
				7EB0D7A627BD336900D767AE /* Constants.swift */,
			);
			path = Utils;
			sourceTree = "<group>";
		};
		7EB0D7A827BD3EBC00D767AE /* Service */ = {
			isa = PBXGroup;
			children = (
				7EB0D7AC27BD3F2400D767AE /* FakeErrorWebService.swift */,
				7EB0D7AE27BD3FA300D767AE /* FakeSuccessWebService.swift */,
				7EB0D7B027BD4CC000D767AE /* FakeServiceTests.swift */,
			);
			path = Service;
			sourceTree = "<group>";
		};
		7EB0D7A927BD3ED600D767AE /* Protocol */ = {
			isa = PBXGroup;
			children = (
				7EB0D7AA27BD3EE500D767AE /* WebService.swift */,
			);
			path = Protocol;
			sourceTree = "<group>";
		};
		7EB0D7B227BD51C800D767AE /* ViewModel */ = {
			isa = PBXGroup;
			children = (
				7EB0D7B327BD51DC00D767AE /* DermoViewModelTests.swift */,
			);
			path = ViewModel;
			sourceTree = "<group>";
		};
		7EB0D7B527BD574300D767AE /* Model */ = {
			isa = PBXGroup;
			children = (
				7E4CDED227BE4B5B0054A036 /* DermoModelTests.swift */,
			);
			path = Model;
			sourceTree = "<group>";
		};
/* End PBXGroup section */

/* Begin PBXNativeTarget section */
		7E138FC327BD1B1E00C9BDA4 /* Dermo */ = {
			isa = PBXNativeTarget;
			buildConfigurationList = 7E138FE827BD1B1F00C9BDA4 /* Build configuration list for PBXNativeTarget "Dermo" */;
			buildPhases = (
				7E138FC027BD1B1E00C9BDA4 /* Sources */,
				7E138FC127BD1B1E00C9BDA4 /* Frameworks */,
				7E138FC227BD1B1E00C9BDA4 /* Resources */,
			);
			buildRules = (
			);
			dependencies = (
			);
			name = Dermo;
			packageProductDependencies = (
				7E4CDECC27BE41FD0054A036 /* Kingfisher */,
			);
			productName = Dermo;
			productReference = 7E138FC427BD1B1E00C9BDA4 /* Dermo.app */;
			productType = "com.apple.product-type.application";
		};
		7E138FD327BD1B1F00C9BDA4 /* DermoTests */ = {
			isa = PBXNativeTarget;
			buildConfigurationList = 7E138FEB27BD1B1F00C9BDA4 /* Build configuration list for PBXNativeTarget "DermoTests" */;
			buildPhases = (
				7E138FD027BD1B1F00C9BDA4 /* Sources */,
				7E138FD127BD1B1F00C9BDA4 /* Frameworks */,
				7E138FD227BD1B1F00C9BDA4 /* Resources */,
			);
			buildRules = (
			);
			dependencies = (
				7E138FD627BD1B1F00C9BDA4 /* PBXTargetDependency */,
			);
			name = DermoTests;
			productName = DermoTests;
			productReference = 7E138FD427BD1B1F00C9BDA4 /* DermoTests.xctest */;
			productType = "com.apple.product-type.bundle.unit-test";
		};
		7E138FDD27BD1B1F00C9BDA4 /* DermoUITests */ = {
			isa = PBXNativeTarget;
			buildConfigurationList = 7E138FEE27BD1B1F00C9BDA4 /* Build configuration list for PBXNativeTarget "DermoUITests" */;
			buildPhases = (
				7E138FDA27BD1B1F00C9BDA4 /* Sources */,
				7E138FDB27BD1B1F00C9BDA4 /* Frameworks */,
				7E138FDC27BD1B1F00C9BDA4 /* Resources */,
			);
			buildRules = (
			);
			dependencies = (
				7E138FE027BD1B1F00C9BDA4 /* PBXTargetDependency */,
			);
			name = DermoUITests;
			productName = DermoUITests;
			productReference = 7E138FDE27BD1B1F00C9BDA4 /* DermoUITests.xctest */;
			productType = "com.apple.product-type.bundle.ui-testing";
		};
/* End PBXNativeTarget section */

/* Begin PBXProject section */
		7E138FBC27BD1B1E00C9BDA4 /* Project object */ = {
			isa = PBXProject;
			attributes = {
				BuildIndependentTargetsInParallel = 1;
				LastSwiftUpdateCheck = 1320;
				LastUpgradeCheck = 1320;
				TargetAttributes = {
					7E138FC327BD1B1E00C9BDA4 = {
						CreatedOnToolsVersion = 13.2.1;
					};
					7E138FD327BD1B1F00C9BDA4 = {
						CreatedOnToolsVersion = 13.2.1;
						TestTargetID = 7E138FC327BD1B1E00C9BDA4;
					};
					7E138FDD27BD1B1F00C9BDA4 = {
						CreatedOnToolsVersion = 13.2.1;
						TestTargetID = 7E138FC327BD1B1E00C9BDA4;
					};
				};
			};
			buildConfigurationList = 7E138FBF27BD1B1E00C9BDA4 /* Build configuration list for PBXProject "Dermo" */;
			compatibilityVersion = "Xcode 13.0";
			developmentRegion = en;
			hasScannedForEncodings = 0;
			knownRegions = (
				en,
				Base,
			);
			mainGroup = 7E138FBB27BD1B1E00C9BDA4;
			packageReferences = (
				7E4CDECB27BE41FD0054A036 /* XCRemoteSwiftPackageReference "Kingfisher" */,
			);
			productRefGroup = 7E138FC527BD1B1E00C9BDA4 /* Products */;
			projectDirPath = "";
			projectRoot = "";
			targets = (
				7E138FC327BD1B1E00C9BDA4 /* Dermo */,
				7E138FD327BD1B1F00C9BDA4 /* DermoTests */,
				7E138FDD27BD1B1F00C9BDA4 /* DermoUITests */,
			);
		};
/* End PBXProject section */

/* Begin PBXResourcesBuildPhase section */
		7E138FC227BD1B1E00C9BDA4 /* Resources */ = {
			isa = PBXResourcesBuildPhase;
			buildActionMask = 2147483647;
			files = (
				7E138FCF27BD1B1F00C9BDA4 /* Preview Assets.xcassets in Resources */,
				7E138FCC27BD1B1F00C9BDA4 /* Assets.xcassets in Resources */,
			);
			runOnlyForDeploymentPostprocessing = 0;
		};
		7E138FD227BD1B1F00C9BDA4 /* Resources */ = {
			isa = PBXResourcesBuildPhase;
			buildActionMask = 2147483647;
			files = (
			);
			runOnlyForDeploymentPostprocessing = 0;
		};
		7E138FDC27BD1B1F00C9BDA4 /* Resources */ = {
			isa = PBXResourcesBuildPhase;
			buildActionMask = 2147483647;
			files = (
			);
			runOnlyForDeploymentPostprocessing = 0;
		};
/* End PBXResourcesBuildPhase section */

/* Begin PBXSourcesBuildPhase section */
		7E138FC027BD1B1E00C9BDA4 /* Sources */ = {
			isa = PBXSourcesBuildPhase;
			buildActionMask = 2147483647;
			files = (
				7EB0D7AB27BD3EE500D767AE /* WebService.swift in Sources */,
				7EB0D79B27BD2DD500D767AE /* DermoModel.swift in Sources */,
				7E138FCA27BD1B1E00C9BDA4 /* DermoListView.swift in Sources */,
				7EB0D79427BD24E100D767AE /* DermoViewModel.swift in Sources */,
				7EB0D79D27BD2E2500D767AE /* DermoImageList.swift in Sources */,
				7EB0D7A727BD336900D767AE /* Constants.swift in Sources */,
				7E138FC827BD1B1E00C9BDA4 /* DermoApp.swift in Sources */,
				7EB0D7A027BD300100D767AE /* DermoWebService.swift in Sources */,
				7EB0D79927BD280500D767AE /* DermoImageDetailView.swift in Sources */,
			);
			runOnlyForDeploymentPostprocessing = 0;
		};
		7E138FD027BD1B1F00C9BDA4 /* Sources */ = {
			isa = PBXSourcesBuildPhase;
			buildActionMask = 2147483647;
			files = (
				7E4CDED427BE4B680054A036 /* FakeErrorWebService.swift in Sources */,
				7EB0D7B127BD4CC000D767AE /* FakeServiceTests.swift in Sources */,
				7EB0D7B427BD51DC00D767AE /* DermoViewModelTests.swift in Sources */,
				7E4CDED327BE4B5B0054A036 /* DermoModelTests.swift in Sources */,
				7E4CDED527BE4B680054A036 /* FakeSuccessWebService.swift in Sources */,
			);
			runOnlyForDeploymentPostprocessing = 0;
		};
		7E138FDA27BD1B1F00C9BDA4 /* Sources */ = {
			isa = PBXSourcesBuildPhase;
			buildActionMask = 2147483647;
			files = (
				7E138FE527BD1B1F00C9BDA4 /* DermoUITestsLaunchTests.swift in Sources */,
				7E138FE327BD1B1F00C9BDA4 /* DermoUITests.swift in Sources */,
			);
			runOnlyForDeploymentPostprocessing = 0;
		};
/* End PBXSourcesBuildPhase section */

/* Begin PBXTargetDependency section */
		7E138FD627BD1B1F00C9BDA4 /* PBXTargetDependency */ = {
			isa = PBXTargetDependency;
			target = 7E138FC327BD1B1E00C9BDA4 /* Dermo */;
			targetProxy = 7E138FD527BD1B1F00C9BDA4 /* PBXContainerItemProxy */;
		};
		7E138FE027BD1B1F00C9BDA4 /* PBXTargetDependency */ = {
			isa = PBXTargetDependency;
			target = 7E138FC327BD1B1E00C9BDA4 /* Dermo */;
			targetProxy = 7E138FDF27BD1B1F00C9BDA4 /* PBXContainerItemProxy */;
		};
/* End PBXTargetDependency section */

/* Begin XCBuildConfiguration section */
		7E138FE627BD1B1F00C9BDA4 /* Debug */ = {
			isa = XCBuildConfiguration;
			buildSettings = {
				ALWAYS_SEARCH_USER_PATHS = NO;
				CLANG_ANALYZER_NONNULL = YES;
				CLANG_ANALYZER_NUMBER_OBJECT_CONVERSION = YES_AGGRESSIVE;
				CLANG_CXX_LANGUAGE_STANDARD = "gnu++17";
				CLANG_CXX_LIBRARY = "libc++";
				CLANG_ENABLE_MODULES = YES;
				CLANG_ENABLE_OBJC_ARC = YES;
				CLANG_ENABLE_OBJC_WEAK = YES;
				CLANG_WARN_BLOCK_CAPTURE_AUTORELEASING = YES;
				CLANG_WARN_BOOL_CONVERSION = YES;
				CLANG_WARN_COMMA = YES;
				CLANG_WARN_CONSTANT_CONVERSION = YES;
				CLANG_WARN_DEPRECATED_OBJC_IMPLEMENTATIONS = YES;
				CLANG_WARN_DIRECT_OBJC_ISA_USAGE = YES_ERROR;
				CLANG_WARN_DOCUMENTATION_COMMENTS = YES;
				CLANG_WARN_EMPTY_BODY = YES;
				CLANG_WARN_ENUM_CONVERSION = YES;
				CLANG_WARN_INFINITE_RECURSION = YES;
				CLANG_WARN_INT_CONVERSION = YES;
				CLANG_WARN_NON_LITERAL_NULL_CONVERSION = YES;
				CLANG_WARN_OBJC_IMPLICIT_RETAIN_SELF = YES;
				CLANG_WARN_OBJC_LITERAL_CONVERSION = YES;
				CLANG_WARN_OBJC_ROOT_CLASS = YES_ERROR;
				CLANG_WARN_QUOTED_INCLUDE_IN_FRAMEWORK_HEADER = YES;
				CLANG_WARN_RANGE_LOOP_ANALYSIS = YES;
				CLANG_WARN_STRICT_PROTOTYPES = YES;
				CLANG_WARN_SUSPICIOUS_MOVE = YES;
				CLANG_WARN_UNGUARDED_AVAILABILITY = YES_AGGRESSIVE;
				CLANG_WARN_UNREACHABLE_CODE = YES;
				CLANG_WARN__DUPLICATE_METHOD_MATCH = YES;
				COPY_PHASE_STRIP = NO;
				DEBUG_INFORMATION_FORMAT = dwarf;
				ENABLE_STRICT_OBJC_MSGSEND = YES;
				ENABLE_TESTABILITY = YES;
				GCC_C_LANGUAGE_STANDARD = gnu11;
				GCC_DYNAMIC_NO_PIC = NO;
				GCC_NO_COMMON_BLOCKS = YES;
				GCC_OPTIMIZATION_LEVEL = 0;
				GCC_PREPROCESSOR_DEFINITIONS = (
					"DEBUG=1",
					"$(inherited)",
				);
				GCC_WARN_64_TO_32_BIT_CONVERSION = YES;
				GCC_WARN_ABOUT_RETURN_TYPE = YES_ERROR;
				GCC_WARN_UNDECLARED_SELECTOR = YES;
				GCC_WARN_UNINITIALIZED_AUTOS = YES_AGGRESSIVE;
				GCC_WARN_UNUSED_FUNCTION = YES;
				GCC_WARN_UNUSED_VARIABLE = YES;
				IPHONEOS_DEPLOYMENT_TARGET = 15.2;
				MTL_ENABLE_DEBUG_INFO = INCLUDE_SOURCE;
				MTL_FAST_MATH = YES;
				ONLY_ACTIVE_ARCH = YES;
				SDKROOT = iphoneos;
				SWIFT_ACTIVE_COMPILATION_CONDITIONS = DEBUG;
				SWIFT_OPTIMIZATION_LEVEL = "-Onone";
			};
			name = Debug;
		};
		7E138FE727BD1B1F00C9BDA4 /* Release */ = {
			isa = XCBuildConfiguration;
			buildSettings = {
				ALWAYS_SEARCH_USER_PATHS = NO;
				CLANG_ANALYZER_NONNULL = YES;
				CLANG_ANALYZER_NUMBER_OBJECT_CONVERSION = YES_AGGRESSIVE;
				CLANG_CXX_LANGUAGE_STANDARD = "gnu++17";
				CLANG_CXX_LIBRARY = "libc++";
				CLANG_ENABLE_MODULES = YES;
				CLANG_ENABLE_OBJC_ARC = YES;
				CLANG_ENABLE_OBJC_WEAK = YES;
				CLANG_WARN_BLOCK_CAPTURE_AUTORELEASING = YES;
				CLANG_WARN_BOOL_CONVERSION = YES;
				CLANG_WARN_COMMA = YES;
				CLANG_WARN_CONSTANT_CONVERSION = YES;
				CLANG_WARN_DEPRECATED_OBJC_IMPLEMENTATIONS = YES;
				CLANG_WARN_DIRECT_OBJC_ISA_USAGE = YES_ERROR;
				CLANG_WARN_DOCUMENTATION_COMMENTS = YES;
				CLANG_WARN_EMPTY_BODY = YES;
				CLANG_WARN_ENUM_CONVERSION = YES;
				CLANG_WARN_INFINITE_RECURSION = YES;
				CLANG_WARN_INT_CONVERSION = YES;
				CLANG_WARN_NON_LITERAL_NULL_CONVERSION = YES;
				CLANG_WARN_OBJC_IMPLICIT_RETAIN_SELF = YES;
				CLANG_WARN_OBJC_LITERAL_CONVERSION = YES;
				CLANG_WARN_OBJC_ROOT_CLASS = YES_ERROR;
				CLANG_WARN_QUOTED_INCLUDE_IN_FRAMEWORK_HEADER = YES;
				CLANG_WARN_RANGE_LOOP_ANALYSIS = YES;
				CLANG_WARN_STRICT_PROTOTYPES = YES;
				CLANG_WARN_SUSPICIOUS_MOVE = YES;
				CLANG_WARN_UNGUARDED_AVAILABILITY = YES_AGGRESSIVE;
				CLANG_WARN_UNREACHABLE_CODE = YES;
				CLANG_WARN__DUPLICATE_METHOD_MATCH = YES;
				COPY_PHASE_STRIP = NO;
				DEBUG_INFORMATION_FORMAT = "dwarf-with-dsym";
				ENABLE_NS_ASSERTIONS = NO;
				ENABLE_STRICT_OBJC_MSGSEND = YES;
				GCC_C_LANGUAGE_STANDARD = gnu11;
				GCC_NO_COMMON_BLOCKS = YES;
				GCC_WARN_64_TO_32_BIT_CONVERSION = YES;
				GCC_WARN_ABOUT_RETURN_TYPE = YES_ERROR;
				GCC_WARN_UNDECLARED_SELECTOR = YES;
				GCC_WARN_UNINITIALIZED_AUTOS = YES_AGGRESSIVE;
				GCC_WARN_UNUSED_FUNCTION = YES;
				GCC_WARN_UNUSED_VARIABLE = YES;
				IPHONEOS_DEPLOYMENT_TARGET = 15.2;
				MTL_ENABLE_DEBUG_INFO = NO;
				MTL_FAST_MATH = YES;
				SDKROOT = iphoneos;
				SWIFT_COMPILATION_MODE = wholemodule;
				SWIFT_OPTIMIZATION_LEVEL = "-O";
				VALIDATE_PRODUCT = YES;
			};
			name = Release;
		};
		7E138FE927BD1B1F00C9BDA4 /* Debug */ = {
			isa = XCBuildConfiguration;
			buildSettings = {
				ASSETCATALOG_COMPILER_APPICON_NAME = AppIcon;
				ASSETCATALOG_COMPILER_GLOBAL_ACCENT_COLOR_NAME = AccentColor;
				CODE_SIGN_STYLE = Automatic;
				CURRENT_PROJECT_VERSION = 1;
				DEVELOPMENT_ASSET_PATHS = "\"Dermo/Preview Content\"";
				ENABLE_PREVIEWS = YES;
				GENERATE_INFOPLIST_FILE = YES;
				INFOPLIST_KEY_UIApplicationSceneManifest_Generation = YES;
				INFOPLIST_KEY_UIApplicationSupportsIndirectInputEvents = YES;
				INFOPLIST_KEY_UILaunchScreen_Generation = YES;
				INFOPLIST_KEY_UISupportedInterfaceOrientations_iPad = "UIInterfaceOrientationPortrait UIInterfaceOrientationPortraitUpsideDown UIInterfaceOrientationLandscapeLeft UIInterfaceOrientationLandscapeRight";
				INFOPLIST_KEY_UISupportedInterfaceOrientations_iPhone = "UIInterfaceOrientationPortrait UIInterfaceOrientationLandscapeLeft UIInterfaceOrientationLandscapeRight";
				LD_RUNPATH_SEARCH_PATHS = (
					"$(inherited)",
					"@executable_path/Frameworks",
				);
				MARKETING_VERSION = 1.0;
				PRODUCT_BUNDLE_IDENTIFIER = dermo.Dermo;
				PRODUCT_NAME = "$(TARGET_NAME)";
				SWIFT_EMIT_LOC_STRINGS = YES;
				SWIFT_VERSION = 5.0;
				TARGETED_DEVICE_FAMILY = "1,2";
			};
			name = Debug;
		};
		7E138FEA27BD1B1F00C9BDA4 /* Release */ = {
			isa = XCBuildConfiguration;
			buildSettings = {
				ASSETCATALOG_COMPILER_APPICON_NAME = AppIcon;
				ASSETCATALOG_COMPILER_GLOBAL_ACCENT_COLOR_NAME = AccentColor;
				CODE_SIGN_STYLE = Automatic;
				CURRENT_PROJECT_VERSION = 1;
				DEVELOPMENT_ASSET_PATHS = "\"Dermo/Preview Content\"";
				ENABLE_PREVIEWS = YES;
				GENERATE_INFOPLIST_FILE = YES;
				INFOPLIST_KEY_UIApplicationSceneManifest_Generation = YES;
				INFOPLIST_KEY_UIApplicationSupportsIndirectInputEvents = YES;
				INFOPLIST_KEY_UILaunchScreen_Generation = YES;
				INFOPLIST_KEY_UISupportedInterfaceOrientations_iPad = "UIInterfaceOrientationPortrait UIInterfaceOrientationPortraitUpsideDown UIInterfaceOrientationLandscapeLeft UIInterfaceOrientationLandscapeRight";
				INFOPLIST_KEY_UISupportedInterfaceOrientations_iPhone = "UIInterfaceOrientationPortrait UIInterfaceOrientationLandscapeLeft UIInterfaceOrientationLandscapeRight";
				LD_RUNPATH_SEARCH_PATHS = (
					"$(inherited)",
					"@executable_path/Frameworks",
				);
				MARKETING_VERSION = 1.0;
				PRODUCT_BUNDLE_IDENTIFIER = dermo.Dermo;
				PRODUCT_NAME = "$(TARGET_NAME)";
				SWIFT_EMIT_LOC_STRINGS = YES;
				SWIFT_VERSION = 5.0;
				TARGETED_DEVICE_FAMILY = "1,2";
			};
			name = Release;
		};
		7E138FEC27BD1B1F00C9BDA4 /* Debug */ = {
			isa = XCBuildConfiguration;
			buildSettings = {
				ALWAYS_EMBED_SWIFT_STANDARD_LIBRARIES = YES;
				BUNDLE_LOADER = "$(TEST_HOST)";
				CODE_SIGN_STYLE = Automatic;
				CURRENT_PROJECT_VERSION = 1;
				GENERATE_INFOPLIST_FILE = YES;
				IPHONEOS_DEPLOYMENT_TARGET = 15.2;
				MARKETING_VERSION = 1.0;
				PRODUCT_BUNDLE_IDENTIFIER = dermo.DermoTests;
				PRODUCT_NAME = "$(TARGET_NAME)";
				SWIFT_EMIT_LOC_STRINGS = NO;
				SWIFT_VERSION = 5.0;
				TARGETED_DEVICE_FAMILY = "1,2";
				TEST_HOST = "$(BUILT_PRODUCTS_DIR)/Dermo.app/Dermo";
			};
			name = Debug;
		};
		7E138FED27BD1B1F00C9BDA4 /* Release */ = {
			isa = XCBuildConfiguration;
			buildSettings = {
				ALWAYS_EMBED_SWIFT_STANDARD_LIBRARIES = YES;
				BUNDLE_LOADER = "$(TEST_HOST)";
				CODE_SIGN_STYLE = Automatic;
				CURRENT_PROJECT_VERSION = 1;
				GENERATE_INFOPLIST_FILE = YES;
				IPHONEOS_DEPLOYMENT_TARGET = 15.2;
				MARKETING_VERSION = 1.0;
				PRODUCT_BUNDLE_IDENTIFIER = dermo.DermoTests;
				PRODUCT_NAME = "$(TARGET_NAME)";
				SWIFT_EMIT_LOC_STRINGS = NO;
				SWIFT_VERSION = 5.0;
				TARGETED_DEVICE_FAMILY = "1,2";
				TEST_HOST = "$(BUILT_PRODUCTS_DIR)/Dermo.app/Dermo";
			};
			name = Release;
		};
		7E138FEF27BD1B1F00C9BDA4 /* Debug */ = {
			isa = XCBuildConfiguration;
			buildSettings = {
				ALWAYS_EMBED_SWIFT_STANDARD_LIBRARIES = YES;
				CODE_SIGN_STYLE = Automatic;
				CURRENT_PROJECT_VERSION = 1;
				GENERATE_INFOPLIST_FILE = YES;
				MARKETING_VERSION = 1.0;
				PRODUCT_BUNDLE_IDENTIFIER = dermo.DermoUITests;
				PRODUCT_NAME = "$(TARGET_NAME)";
				SWIFT_EMIT_LOC_STRINGS = NO;
				SWIFT_VERSION = 5.0;
				TARGETED_DEVICE_FAMILY = "1,2";
				TEST_TARGET_NAME = Dermo;
			};
			name = Debug;
		};
		7E138FF027BD1B1F00C9BDA4 /* Release */ = {
			isa = XCBuildConfiguration;
			buildSettings = {
				ALWAYS_EMBED_SWIFT_STANDARD_LIBRARIES = YES;
				CODE_SIGN_STYLE = Automatic;
				CURRENT_PROJECT_VERSION = 1;
				GENERATE_INFOPLIST_FILE = YES;
				MARKETING_VERSION = 1.0;
				PRODUCT_BUNDLE_IDENTIFIER = dermo.DermoUITests;
				PRODUCT_NAME = "$(TARGET_NAME)";
				SWIFT_EMIT_LOC_STRINGS = NO;
				SWIFT_VERSION = 5.0;
				TARGETED_DEVICE_FAMILY = "1,2";
				TEST_TARGET_NAME = Dermo;
			};
			name = Release;
		};
/* End XCBuildConfiguration section */

/* Begin XCConfigurationList section */
		7E138FBF27BD1B1E00C9BDA4 /* Build configuration list for PBXProject "Dermo" */ = {
			isa = XCConfigurationList;
			buildConfigurations = (
				7E138FE627BD1B1F00C9BDA4 /* Debug */,
				7E138FE727BD1B1F00C9BDA4 /* Release */,
			);
			defaultConfigurationIsVisible = 0;
			defaultConfigurationName = Release;
		};
		7E138FE827BD1B1F00C9BDA4 /* Build configuration list for PBXNativeTarget "Dermo" */ = {
			isa = XCConfigurationList;
			buildConfigurations = (
				7E138FE927BD1B1F00C9BDA4 /* Debug */,
				7E138FEA27BD1B1F00C9BDA4 /* Release */,
			);
			defaultConfigurationIsVisible = 0;
			defaultConfigurationName = Release;
		};
		7E138FEB27BD1B1F00C9BDA4 /* Build configuration list for PBXNativeTarget "DermoTests" */ = {
			isa = XCConfigurationList;
			buildConfigurations = (
				7E138FEC27BD1B1F00C9BDA4 /* Debug */,
				7E138FED27BD1B1F00C9BDA4 /* Release */,
			);
			defaultConfigurationIsVisible = 0;
			defaultConfigurationName = Release;
		};
		7E138FEE27BD1B1F00C9BDA4 /* Build configuration list for PBXNativeTarget "DermoUITests" */ = {
			isa = XCConfigurationList;
			buildConfigurations = (
				7E138FEF27BD1B1F00C9BDA4 /* Debug */,
				7E138FF027BD1B1F00C9BDA4 /* Release */,
			);
			defaultConfigurationIsVisible = 0;
			defaultConfigurationName = Release;
		};
/* End XCConfigurationList section */

/* Begin XCRemoteSwiftPackageReference section */
		7E4CDECB27BE41FD0054A036 /* XCRemoteSwiftPackageReference "Kingfisher" */ = {
			isa = XCRemoteSwiftPackageReference;
			repositoryURL = "https://github.com/onevcat/Kingfisher.git";
			requirement = {
				kind = upToNextMajorVersion;
				minimumVersion = 7.0.0;
			};
		};
/* End XCRemoteSwiftPackageReference section */

/* Begin XCSwiftPackageProductDependency section */
		7E4CDECC27BE41FD0054A036 /* Kingfisher */ = {
			isa = XCSwiftPackageProductDependency;
			package = 7E4CDECB27BE41FD0054A036 /* XCRemoteSwiftPackageReference "Kingfisher" */;
			productName = Kingfisher;
		};
/* End XCSwiftPackageProductDependency section */
	};
	rootObject = 7E138FBC27BD1B1E00C9BDA4 /* Project object */;
}
